<?xml version="1.0" encoding="utf-8"?>
<Project ToolsVersion="4.0" xmlns="http://schemas.microsoft.com/developer/msbuild/2003">
  <ItemGroup>
    <Filter Include="RuiEngine">
      <UniqueIdentifier>{0BB6A677-7720-5BEE-C05E-0C942C083943}</UniqueIdentifier>
    </Filter>
    <Filter Include="RuiEngine\Events">
      <UniqueIdentifier>{8FC78760-7BC0-A6B2-A4F2-8B37904A86BE}</UniqueIdentifier>
    </Filter>
    <Filter Include="RuiEngine\ImGui">
      <UniqueIdentifier>{754720C5-E1D2-8D89-EAE3-107E56EEE989}</UniqueIdentifier>
    </Filter>
    <Filter Include="RuiEngine\Platform">
      <UniqueIdentifier>{BFEEB5BD-ABD2-7613-1433-716600366195}</UniqueIdentifier>
    </Filter>
    <Filter Include="RuiEngine\Platform\OpenGL">
      <UniqueIdentifier>{13AB78FB-7F6D-AC85-C81D-3B12341F8563}</UniqueIdentifier>
    </Filter>
    <Filter Include="RuiEngine\Platform\Windows">
      <UniqueIdentifier>{F9E7A9C2-E5F7-5593-4EB1-BAB13AE0442C}</UniqueIdentifier>
    </Filter>
  </ItemGroup>
  <ItemGroup>
    <ClInclude Include="src\RuiEngine.h" />
    <ClInclude Include="src\RuiEngine\Application.h">
      <Filter>RuiEngine</Filter>
    </ClInclude>
    <ClInclude Include="src\RuiEngine\Core.h">
      <Filter>RuiEngine</Filter>
    </ClInclude>
    <ClInclude Include="src\RuiEngine\EntryPoint.h">
      <Filter>RuiEngine</Filter>
    </ClInclude>
    <ClInclude Include="src\RuiEngine\Events\ApplicationEvent.h">
      <Filter>RuiEngine\Events</Filter>
    </ClInclude>
    <ClInclude Include="src\RuiEngine\Events\Event.h">
      <Filter>RuiEngine\Events</Filter>
    </ClInclude>
    <ClInclude Include="src\RuiEngine\Events\KeyEvent.h">
      <Filter>RuiEngine\Events</Filter>
    </ClInclude>
    <ClInclude Include="src\RuiEngine\Events\MouseEvent.h">
      <Filter>RuiEngine\Events</Filter>
    </ClInclude>
    <ClInclude Include="src\RuiEngine\ImGui\ImGuiLayer.h">
      <Filter>RuiEngine\ImGui</Filter>
    </ClInclude>
    <ClInclude Include="src\RuiEngine\Layer.h">
      <Filter>RuiEngine</Filter>
    </ClInclude>
    <ClInclude Include="src\RuiEngine\LayerStack.h">
      <Filter>RuiEngine</Filter>
    </ClInclude>
    <ClInclude Include="src\RuiEngine\Log.h">
      <Filter>RuiEngine</Filter>
    </ClInclude>
    <ClInclude Include="src\RuiEngine\Platform\OpenGL\ImGuiOpenGLRenderer.h">
      <Filter>RuiEngine\Platform\OpenGL</Filter>
    </ClInclude>
    <ClInclude Include="src\RuiEngine\Platform\Windows\WindowsWindow.h">
      <Filter>RuiEngine\Platform\Windows</Filter>
    </ClInclude>
    <ClInclude Include="src\RuiEngine\Window.h">
      <Filter>RuiEngine</Filter>
    </ClInclude>
    <ClInclude Include="src\repch.h" />
  </ItemGroup>
  <ItemGroup>
    <ClCompile Include="src\RuiEngine\Application.cpp">
      <Filter>RuiEngine</Filter>
    </ClCompile>
    <ClCompile Include="src\RuiEngine\ImGui\ImGuiLayer.cpp">
      <Filter>RuiEngine\ImGui</Filter>
    </ClCompile>
    <ClCompile Include="src\RuiEngine\Layer.cpp">
      <Filter>RuiEngine</Filter>
    </ClCompile>
    <ClCompile Include="src\RuiEngine\LayerStack.cpp">
      <Filter>RuiEngine</Filter>
    </ClCompile>
    <ClCompile Include="src\RuiEngine\Log.cpp">
      <Filter>RuiEngine</Filter>
    </ClCompile>
    <ClCompile Include="src\RuiEngine\Platform\OpenGL\ImGuiOpenGLRenderer.cpp">
      <Filter>RuiEngine\Platform\OpenGL</Filter>
    </ClCompile>
    <ClCompile Include="src\RuiEngine\Platform\Windows\WindowsWindow.cpp">
      <Filter>RuiEngine\Platform\Windows</Filter>
    </ClCompile>
    <ClCompile Include="src\repch.cpp" />
  </ItemGroup>
</Project>