<?xml version="1.0" encoding="utf-8"?>
<Project ToolsVersion="4.0" xmlns="http://schemas.microsoft.com/developer/msbuild/2003">
  <ItemGroup>
    <Filter Include="RuiEngine">
      <UniqueIdentifier>{0BB6A677-7720-5BEE-C05E-0C942C083943}</UniqueIdentifier>
    </Filter>
  </ItemGroup>
  <ItemGroup>
    <ClInclude Include="src\RuiEngine.h" />
    <ClInclude Include="src\RuiEngine\Application.h">
      <Filter>RuiEngine</Filter>
    </ClInclude>
    <ClInclude Include="src\RuiEngine\Core.h">
      <Filter>RuiEngine</Filter>
    </ClInclude>
    <ClInclude Include="src\RuiEngine\EntryPoint.h">
      <Filter>RuiEngine</Filter>
    </ClInclude>
    <ClInclude Include="src\RuiEngine\Log.h">
      <Filter>RuiEngine</Filter>
    </ClInclude>
  </ItemGroup>
  <ItemGroup>
    <ClCompile Include="src\RuiEngine\Application.cpp">
      <Filter>RuiEngine</Filter>
    </ClCompile>
    <ClCompile Include="src\RuiEngine\Log.cpp">
      <Filter>RuiEngine</Filter>
    </ClCompile>
  </ItemGroup>
</Project>